
Microsoft Visual Studio Solution File, Format Version 12.00
# Visual Studio Version 17
VisualStudioVersion = 17.13.35931.197
MinimumVisualStudioVersion = 10.0.40219.1
Project("{FAE04EC0-301F-11D3-BF4B-00C04F79EFBC}") = "Domain", "Domain\Domain.csproj", "{F3503759-28FA-4CA5-BE62-B54E25031B1A}"
EndProject
Project("{FAE04EC0-301F-11D3-BF4B-00C04F79EFBC}") = "Application", "Application\Application.csproj", "{5EF62513-9C99-41F2-8016-610CCF7C071C}"
EndProject
Project("{FAE04EC0-301F-11D3-BF4B-00C04F79EFBC}") = "Infrastructure", "Infrastructure\Infrastructure.csproj", "{DAF27D1D-75E9-4091-8B29-6EB3D72F734F}"
EndProject
Project("{FAE04EC0-301F-11D3-BF4B-00C04F79EFBC}") = "API", "API\API.csproj", "{E003B845-33A1-41B6-B414-5864F66A09BE}"
EndProject
Global
	GlobalSection(SolutionConfigurationPlatforms) = preSolution
		Debug|Any CPU = Debug|Any CPU
		Release|Any CPU = Release|Any CPU
	EndGlobalSection
	GlobalSection(ProjectConfigurationPlatforms) = postSolution
		{F3503759-28FA-4CA5-BE62-B54E25031B1A}.Debug|Any CPU.ActiveCfg = Debug|Any CPU
		{F3503759-28FA-4CA5-BE62-B54E25031B1A}.Debug|Any CPU.Build.0 = Debug|Any CPU
		{F3503759-28FA-4CA5-BE62-B54E25031B1A}.Release|Any CPU.ActiveCfg = Release|Any CPU
		{F3503759-28FA-4CA5-BE62-B54E25031B1A}.Release|Any CPU.Build.0 = Release|Any CPU
		{5EF62513-9C99-41F2-8016-610CCF7C071C}.Debug|Any CPU.ActiveCfg = Debug|Any CPU
		{5EF62513-9C99-41F2-8016-610CCF7C071C}.Debug|Any CPU.Build.0 = Debug|Any CPU
		{5EF62513-9C99-41F2-8016-610CCF7C071C}.Release|Any CPU.ActiveCfg = Release|Any CPU
		{5EF62513-9C99-41F2-8016-610CCF7C071C}.Release|Any CPU.Build.0 = Release|Any CPU
		{DAF27D1D-75E9-4091-8B29-6EB3D72F734F}.Debug|Any CPU.ActiveCfg = Debug|Any CPU
		{DAF27D1D-75E9-4091-8B29-6EB3D72F734F}.Debug|Any CPU.Build.0 = Debug|Any CPU
		{DAF27D1D-75E9-4091-8B29-6EB3D72F734F}.Release|Any CPU.ActiveCfg = Release|Any CPU
		{DAF27D1D-75E9-4091-8B29-6EB3D72F734F}.Release|Any CPU.Build.0 = Release|Any CPU
		{E003B845-33A1-41B6-B414-5864F66A09BE}.Debug|Any CPU.ActiveCfg = Debug|Any CPU
		{E003B845-33A1-41B6-B414-5864F66A09BE}.Debug|Any CPU.Build.0 = Debug|Any CPU
		{E003B845-33A1-41B6-B414-5864F66A09BE}.Release|Any CPU.ActiveCfg = Release|Any CPU
		{E003B845-33A1-41B6-B414-5864F66A09BE}.Release|Any CPU.Build.0 = Release|Any CPU
	EndGlobalSection
	GlobalSection(SolutionProperties) = preSolution
		HideSolutionNode = FALSE
	EndGlobalSection
	GlobalSection(ExtensibilityGlobals) = postSolution
		SolutionGuid = {A65B9667-E5F3-419A-BE77-90677BE55BB6}
	EndGlobalSection
EndGlobal
